
Microsoft Visual Studio Solution File, Format Version 12.00
# Visual Studio Version 17
VisualStudioVersion = 17.6.33801.468
MinimumVisualStudioVersion = 10.0.40219.1
Project("{FAE04EC0-301F-11D3-BF4B-00C04F79EFBC}") = "AuthSystem", "AuthSystem\AuthSystem.csproj", "{075D540C-E0CE-417D-87C3-FAB363DFA672}"
EndProject
Project("{2150E333-8FDC-42A3-9474-1A3956D46DE8}") = "Solution Items", "Solution Items", "{D0652427-D367-49AD-9EB2-7EA2F773D934}"
	ProjectSection(SolutionItems) = preProject
		.editorconfig = .editorconfig
	EndProjectSection
EndProject
Global
	GlobalSection(SolutionConfigurationPlatforms) = preSolution
		Debug|Any CPU = Debug|Any CPU
		Release|Any CPU = Release|Any CPU
	EndGlobalSection
	GlobalSection(ProjectConfigurationPlatforms) = postSolution
		{075D540C-E0CE-417D-87C3-FAB363DFA672}.Debug|Any CPU.ActiveCfg = Debug|Any CPU
		{075D540C-E0CE-417D-87C3-FAB363DFA672}.Debug|Any CPU.Build.0 = Debug|Any CPU
		{075D540C-E0CE-417D-87C3-FAB363DFA672}.Release|Any CPU.ActiveCfg = Release|Any CPU
		{075D540C-E0CE-417D-87C3-FAB363DFA672}.Release|Any CPU.Build.0 = Release|Any CPU
	EndGlobalSection
	GlobalSection(SolutionProperties) = preSolution
		HideSolutionNode = FALSE
	EndGlobalSection
	GlobalSection(ExtensibilityGlobals) = postSolution
		SolutionGuid = {E8C3B543-45A0-48DE-B1DF-22BFA3416D81}
	EndGlobalSection
EndGlobal
